
Microsoft Visual Studio Solution File, Format Version 12.00
# Visual Studio 15
VisualStudioVersion = 15.0.27428.1
MinimumVisualStudioVersion = 10.0.40219.1
Project("{FAE04EC0-301F-11D3-BF4B-00C04F79EFBC}") = "InternalApi", "InternalApi\InternalApi.csproj", "{E9EA7535-5737-4563-8B5F-4A39B27492DE}"
EndProject
Project("{FAE04EC0-301F-11D3-BF4B-00C04F79EFBC}") = "Core", "Core\Core.csproj", "{2F81D45F-2FD1-442C-B663-D04AF5982D28}"
EndProject
Project("{FAE04EC0-301F-11D3-BF4B-00C04F79EFBC}") = "ExternalApi", "ExternalApi\ExternalApi.csproj", "{E02BB076-38F1-4332-92AD-814F156FB8BC}"
EndProject
Project("{FAE04EC0-301F-11D3-BF4B-00C04F79EFBC}") = "Tests", "Tests\Tests.csproj", "{8567EE8A-1834-486E-87B5-EFCA88947D2A}"
EndProject
Project("{FAE04EC0-301F-11D3-BF4B-00C04F79EFBC}") = "WebClient", "WebClient\WebClient.csproj", "{4A007212-A668-4DD2-8346-86047F0DA735}"
EndProject
Global
	GlobalSection(SolutionConfigurationPlatforms) = preSolution
		Debug|Any CPU = Debug|Any CPU
		Release|Any CPU = Release|Any CPU
	EndGlobalSection
	GlobalSection(ProjectConfigurationPlatforms) = postSolution
		{E9EA7535-5737-4563-8B5F-4A39B27492DE}.Debug|Any CPU.ActiveCfg = Debug|Any CPU
		{E9EA7535-5737-4563-8B5F-4A39B27492DE}.Debug|Any CPU.Build.0 = Debug|Any CPU
		{E9EA7535-5737-4563-8B5F-4A39B27492DE}.Release|Any CPU.ActiveCfg = Release|Any CPU
		{E9EA7535-5737-4563-8B5F-4A39B27492DE}.Release|Any CPU.Build.0 = Release|Any CPU
		{2F81D45F-2FD1-442C-B663-D04AF5982D28}.Debug|Any CPU.ActiveCfg = Debug|Any CPU
		{2F81D45F-2FD1-442C-B663-D04AF5982D28}.Debug|Any CPU.Build.0 = Debug|Any CPU
		{2F81D45F-2FD1-442C-B663-D04AF5982D28}.Release|Any CPU.ActiveCfg = Release|Any CPU
		{2F81D45F-2FD1-442C-B663-D04AF5982D28}.Release|Any CPU.Build.0 = Release|Any CPU
		{E02BB076-38F1-4332-92AD-814F156FB8BC}.Debug|Any CPU.ActiveCfg = Debug|Any CPU
		{E02BB076-38F1-4332-92AD-814F156FB8BC}.Debug|Any CPU.Build.0 = Debug|Any CPU
		{E02BB076-38F1-4332-92AD-814F156FB8BC}.Release|Any CPU.ActiveCfg = Release|Any CPU
		{E02BB076-38F1-4332-92AD-814F156FB8BC}.Release|Any CPU.Build.0 = Release|Any CPU
		{8567EE8A-1834-486E-87B5-EFCA88947D2A}.Debug|Any CPU.ActiveCfg = Debug|Any CPU
		{8567EE8A-1834-486E-87B5-EFCA88947D2A}.Debug|Any CPU.Build.0 = Debug|Any CPU
		{8567EE8A-1834-486E-87B5-EFCA88947D2A}.Release|Any CPU.ActiveCfg = Release|Any CPU
		{8567EE8A-1834-486E-87B5-EFCA88947D2A}.Release|Any CPU.Build.0 = Release|Any CPU
		{4A007212-A668-4DD2-8346-86047F0DA735}.Debug|Any CPU.ActiveCfg = Debug|Any CPU
		{4A007212-A668-4DD2-8346-86047F0DA735}.Debug|Any CPU.Build.0 = Debug|Any CPU
		{4A007212-A668-4DD2-8346-86047F0DA735}.Release|Any CPU.ActiveCfg = Release|Any CPU
		{4A007212-A668-4DD2-8346-86047F0DA735}.Release|Any CPU.Build.0 = Release|Any CPU
	EndGlobalSection
	GlobalSection(SolutionProperties) = preSolution
		HideSolutionNode = FALSE
	EndGlobalSection
	GlobalSection(ExtensibilityGlobals) = postSolution
		SolutionGuid = {03F0A9EF-3281-4651-AA5C-8B223A4ABC0E}
	EndGlobalSection
EndGlobal
